
Microsoft Visual Studio Solution File, Format Version 12.00
# Visual Studio Version 18
VisualStudioVersion = 18.2.11415.280
MinimumVisualStudioVersion = 10.0.40219.1
Project("{FAE04EC0-301F-11D3-BF4B-00C04F79EFBC}") = "01_ASP.NET_MVC", "01_ASP.NET_MVC\01_ASP.NET_MVC.csproj", "{C70FB6FB-39CC-4B09-B391-47DC6CACCC29}"
EndProject
Project("{FAE04EC0-301F-11D3-BF4B-00C04F79EFBC}") = "02_ControllerToView", "02_ControllerToView\02_ControllerToView.csproj", "{56CCD191-6B0A-482E-B946-942B2A2639AA}"
EndProject
Project("{FAE04EC0-301F-11D3-BF4B-00C04F79EFBC}") = "03_Template_MVC", "03_Template_MVC\03_Template_MVC.csproj", "{979AAB98-1AEC-4DA5-9511-D432EC5A70D1}"
EndProject
Project("{FAE04EC0-301F-11D3-BF4B-00C04F79EFBC}") = "03_Template_MVC_2", "03_Template_MVC_2\03_Template_MVC_2.csproj", "{6E70B25E-2A17-42AC-813B-658001B64243}"
EndProject
Project("{FAE04EC0-301F-11D3-BF4B-00C04F79EFBC}") = "04_ViewToController", "04_ViewToController\04_ViewToController.csproj", "{6F137240-8C77-47FE-8416-6F594CC56287}"
EndProject
Project("{FAE04EC0-301F-11D3-BF4B-00C04F79EFBC}") = "05_HtmlHelpers", "05_HtmlHelpers\05_HtmlHelpers.csproj", "{8BF87646-678E-452C-A28A-7C1B22E075ED}"
EndProject
Project("{FAE04EC0-301F-11D3-BF4B-00C04F79EFBC}") = "06_CustomHelpers", "06_CustomHelpers\06_CustomHelpers.csproj", "{740029E7-CBF9-407F-B347-9C194D495D8E}"
EndProject
Project("{FAE04EC0-301F-11D3-BF4B-00C04F79EFBC}") = "07_View_Layout_PartialView", "07_View_Layout_PartialView\07_View_Layout_PartialView.csproj", "{DF078518-4405-4BC4-8436-A6AC8814822F}"
EndProject
Project("{FAE04EC0-301F-11D3-BF4B-00C04F79EFBC}") = "08_RenderSection", "08_RenderSection\08_RenderSection.csproj", "{0D87B5B9-1E58-4B07-85FD-589FDDF1B420}"
EndProject
Project("{FAE04EC0-301F-11D3-BF4B-00C04F79EFBC}") = "09_Models_Binding", "09_Models_Binding\09_Models_Binding.csproj", "{FD3833EA-186A-4803-B6C8-1A5C8E3D7A26}"
EndProject
Project("{FAE04EC0-301F-11D3-BF4B-00C04F79EFBC}") = "09_Models_Binding_2", "09_Models_Binding_2\09_Models_Binding_2.csproj", "{F78C7EBB-ECD6-469E-A5DA-99F7995992C5}"
EndProject
Project("{FAE04EC0-301F-11D3-BF4B-00C04F79EFBC}") = "10_Fluent_Validation", "10_Fluent_Validation\10_Fluent_Validation.csproj", "{F04CACB1-E16F-4C05-A8F8-10E240642645}"
EndProject
Global
	GlobalSection(SolutionConfigurationPlatforms) = preSolution
		Debug|Any CPU = Debug|Any CPU
		Release|Any CPU = Release|Any CPU
	EndGlobalSection
	GlobalSection(ProjectConfigurationPlatforms) = postSolution
		{C70FB6FB-39CC-4B09-B391-47DC6CACCC29}.Debug|Any CPU.ActiveCfg = Debug|Any CPU
		{C70FB6FB-39CC-4B09-B391-47DC6CACCC29}.Debug|Any CPU.Build.0 = Debug|Any CPU
		{C70FB6FB-39CC-4B09-B391-47DC6CACCC29}.Release|Any CPU.ActiveCfg = Release|Any CPU
		{C70FB6FB-39CC-4B09-B391-47DC6CACCC29}.Release|Any CPU.Build.0 = Release|Any CPU
		{56CCD191-6B0A-482E-B946-942B2A2639AA}.Debug|Any CPU.ActiveCfg = Debug|Any CPU
		{56CCD191-6B0A-482E-B946-942B2A2639AA}.Debug|Any CPU.Build.0 = Debug|Any CPU
		{56CCD191-6B0A-482E-B946-942B2A2639AA}.Release|Any CPU.ActiveCfg = Release|Any CPU
		{56CCD191-6B0A-482E-B946-942B2A2639AA}.Release|Any CPU.Build.0 = Release|Any CPU
		{979AAB98-1AEC-4DA5-9511-D432EC5A70D1}.Debug|Any CPU.ActiveCfg = Debug|Any CPU
		{979AAB98-1AEC-4DA5-9511-D432EC5A70D1}.Debug|Any CPU.Build.0 = Debug|Any CPU
		{979AAB98-1AEC-4DA5-9511-D432EC5A70D1}.Release|Any CPU.ActiveCfg = Release|Any CPU
		{979AAB98-1AEC-4DA5-9511-D432EC5A70D1}.Release|Any CPU.Build.0 = Release|Any CPU
		{6E70B25E-2A17-42AC-813B-658001B64243}.Debug|Any CPU.ActiveCfg = Debug|Any CPU
		{6E70B25E-2A17-42AC-813B-658001B64243}.Debug|Any CPU.Build.0 = Debug|Any CPU
		{6E70B25E-2A17-42AC-813B-658001B64243}.Release|Any CPU.ActiveCfg = Release|Any CPU
		{6E70B25E-2A17-42AC-813B-658001B64243}.Release|Any CPU.Build.0 = Release|Any CPU
		{6F137240-8C77-47FE-8416-6F594CC56287}.Debug|Any CPU.ActiveCfg = Debug|Any CPU
		{6F137240-8C77-47FE-8416-6F594CC56287}.Debug|Any CPU.Build.0 = Debug|Any CPU
		{6F137240-8C77-47FE-8416-6F594CC56287}.Release|Any CPU.ActiveCfg = Release|Any CPU
		{6F137240-8C77-47FE-8416-6F594CC56287}.Release|Any CPU.Build.0 = Release|Any CPU
		{8BF87646-678E-452C-A28A-7C1B22E075ED}.Debug|Any CPU.ActiveCfg = Debug|Any CPU
		{8BF87646-678E-452C-A28A-7C1B22E075ED}.Debug|Any CPU.Build.0 = Debug|Any CPU
		{8BF87646-678E-452C-A28A-7C1B22E075ED}.Release|Any CPU.ActiveCfg = Release|Any CPU
		{8BF87646-678E-452C-A28A-7C1B22E075ED}.Release|Any CPU.Build.0 = Release|Any CPU
		{740029E7-CBF9-407F-B347-9C194D495D8E}.Debug|Any CPU.ActiveCfg = Debug|Any CPU
		{740029E7-CBF9-407F-B347-9C194D495D8E}.Debug|Any CPU.Build.0 = Debug|Any CPU
		{740029E7-CBF9-407F-B347-9C194D495D8E}.Release|Any CPU.ActiveCfg = Release|Any CPU
		{740029E7-CBF9-407F-B347-9C194D495D8E}.Release|Any CPU.Build.0 = Release|Any CPU
		{DF078518-4405-4BC4-8436-A6AC8814822F}.Debug|Any CPU.ActiveCfg = Debug|Any CPU
		{DF078518-4405-4BC4-8436-A6AC8814822F}.Debug|Any CPU.Build.0 = Debug|Any CPU
		{DF078518-4405-4BC4-8436-A6AC8814822F}.Release|Any CPU.ActiveCfg = Release|Any CPU
		{DF078518-4405-4BC4-8436-A6AC8814822F}.Release|Any CPU.Build.0 = Release|Any CPU
		{0D87B5B9-1E58-4B07-85FD-589FDDF1B420}.Debug|Any CPU.ActiveCfg = Debug|Any CPU
		{0D87B5B9-1E58-4B07-85FD-589FDDF1B420}.Debug|Any CPU.Build.0 = Debug|Any CPU
		{0D87B5B9-1E58-4B07-85FD-589FDDF1B420}.Release|Any CPU.ActiveCfg = Release|Any CPU
		{0D87B5B9-1E58-4B07-85FD-589FDDF1B420}.Release|Any CPU.Build.0 = Release|Any CPU
		{FD3833EA-186A-4803-B6C8-1A5C8E3D7A26}.Debug|Any CPU.ActiveCfg = Debug|Any CPU
		{FD3833EA-186A-4803-B6C8-1A5C8E3D7A26}.Debug|Any CPU.Build.0 = Debug|Any CPU
		{FD3833EA-186A-4803-B6C8-1A5C8E3D7A26}.Release|Any CPU.ActiveCfg = Release|Any CPU
		{FD3833EA-186A-4803-B6C8-1A5C8E3D7A26}.Release|Any CPU.Build.0 = Release|Any CPU
		{F78C7EBB-ECD6-469E-A5DA-99F7995992C5}.Debug|Any CPU.ActiveCfg = Debug|Any CPU
		{F78C7EBB-ECD6-469E-A5DA-99F7995992C5}.Debug|Any CPU.Build.0 = Debug|Any CPU
		{F78C7EBB-ECD6-469E-A5DA-99F7995992C5}.Release|Any CPU.ActiveCfg = Release|Any CPU
		{F78C7EBB-ECD6-469E-A5DA-99F7995992C5}.Release|Any CPU.Build.0 = Release|Any CPU
		{F04CACB1-E16F-4C05-A8F8-10E240642645}.Debug|Any CPU.ActiveCfg = Debug|Any CPU
		{F04CACB1-E16F-4C05-A8F8-10E240642645}.Debug|Any CPU.Build.0 = Debug|Any CPU
		{F04CACB1-E16F-4C05-A8F8-10E240642645}.Release|Any CPU.ActiveCfg = Release|Any CPU
		{F04CACB1-E16F-4C05-A8F8-10E240642645}.Release|Any CPU.Build.0 = Release|Any CPU
	EndGlobalSection
	GlobalSection(SolutionProperties) = preSolution
		HideSolutionNode = FALSE
	EndGlobalSection
	GlobalSection(ExtensibilityGlobals) = postSolution
		SolutionGuid = {D1DDF327-CCED-4147-A020-79929281D8AF}
	EndGlobalSection
EndGlobal
